
Microsoft Visual Studio Solution File, Format Version 12.00
# Visual Studio 15
VisualStudioVersion = 15.0.28307.489
MinimumVisualStudioVersion = 10.0.40219.1
Project("{FAE04EC0-301F-11D3-BF4B-00C04F79EFBC}") = "GUIXudon", "GUIXudon\GUIXudon.csproj", "{2DD2162F-AB6B-4DA0-9214-5FA4E9E40FB0}"
EndProject
Project("{9A19103F-16F7-4668-BE54-9A1E7A4F7556}") = "XudonV2NetStandard", "XudonV2NetStandard\XudonV2NetStandard.csproj", "{8602F74E-D8AE-471A-94DD-B61FE6BDB1D4}"
EndProject
Global
	GlobalSection(SolutionConfigurationPlatforms) = preSolution
		Debug|Any CPU = Debug|Any CPU
		Release|Any CPU = Release|Any CPU
	EndGlobalSection
	GlobalSection(ProjectConfigurationPlatforms) = postSolution
		{2DD2162F-AB6B-4DA0-9214-5FA4E9E40FB0}.Debug|Any CPU.ActiveCfg = Debug|Any CPU
		{2DD2162F-AB6B-4DA0-9214-5FA4E9E40FB0}.Debug|Any CPU.Build.0 = Debug|Any CPU
		{2DD2162F-AB6B-4DA0-9214-5FA4E9E40FB0}.Release|Any CPU.ActiveCfg = Release|Any CPU
		{2DD2162F-AB6B-4DA0-9214-5FA4E9E40FB0}.Release|Any CPU.Build.0 = Release|Any CPU
		{8602F74E-D8AE-471A-94DD-B61FE6BDB1D4}.Debug|Any CPU.ActiveCfg = Debug|Any CPU
		{8602F74E-D8AE-471A-94DD-B61FE6BDB1D4}.Debug|Any CPU.Build.0 = Debug|Any CPU
		{8602F74E-D8AE-471A-94DD-B61FE6BDB1D4}.Release|Any CPU.ActiveCfg = Release|Any CPU
		{8602F74E-D8AE-471A-94DD-B61FE6BDB1D4}.Release|Any CPU.Build.0 = Release|Any CPU
	EndGlobalSection
	GlobalSection(SolutionProperties) = preSolution
		HideSolutionNode = FALSE
	EndGlobalSection
	GlobalSection(ExtensibilityGlobals) = postSolution
		SolutionGuid = {B0530F44-8F37-4E64-B0C2-A0F6B43D2BF1}
	EndGlobalSection
EndGlobal
